PODS:
  - Nimble (8.0.1)
  - Quick (2.1.0)
  - StretchKit (0.3.2):
    - StretchKit/StretchCore (= 0.3.2)
  - StretchKit/StretchCore (0.3.2)

DEPENDENCIES:
  - Nimble (~> 8.0.1)
  - Quick (~> 2.1.0)
  - StretchKit (from `../../../`)

SPEC REPOS:
  https://github.com/cocoapods/specs.git:
    - Nimble
    - Quick

EXTERNAL SOURCES:
  StretchKit:
    :path: "../../../"

SPEC CHECKSUMS:
  Nimble: 45f786ae66faa9a709624227fae502db55a8bdd0
  Quick: 4be43f6634acfa727dd106bdf3929ce125ffa79d
  StretchKit: 9aea832d1c17ded921bf756907ad9e8be2a0a206

PODFILE CHECKSUM: a2173ff6a63387c3ba08b3ae2b7d598a693b79b1

COCOAPODS: 1.7.0.beta.3
